// !$*UTF8*$!
{
	archiveVersion = 1;
	classes = {
	};
	objectVersion = 56;
	objects = {

/* Begin PBXBuildFile section */
		2B50908C2AC2D44B008657C5 /* ResizeWindowApp.swift in Sources */ = {isa = PBXBuildFile; fileRef = 2B50908B2AC2D44B008657C5 /* ResizeWindowApp.swift */; };
		2B50908E2AC2D44B008657C5 /* ContentView.swift in Sources */ = {isa = PBXBuildFile; fileRef = 2B50908D2AC2D44B008657C5 /* ContentView.swift */; };
		2B5090902AC2D44C008657C5 /* Assets.xcassets in Resources */ = {isa = PBXBuildFile; fileRef = 2B50908F2AC2D44C008657C5 /* Assets.xcassets */; };
		2B5090932AC2D44C008657C5 /* Preview Assets.xcassets in Resources */ = {isa = PBXBuildFile; fileRef = 2B5090922AC2D44C008657C5 /* Preview Assets.xcassets */; };
		2B50909E2AC2D44C008657C5 /* ResizeWindowTests.swift in Sources */ = {isa = PBXBuildFile; fileRef = 2B50909D2AC2D44C008657C5 /* ResizeWindowTests.swift */; };
		2B5090A82AC2D44C008657C5 /* ResizeWindowUITests.swift in Sources */ = {isa = PBXBuildFile; fileRef = 2B5090A72AC2D44C008657C5 /* ResizeWindowUITests.swift */; };
		2B5090AA2AC2D44C008657C5 /* ResizeWindowUITestsLaunchTests.swift in Sources */ = {isa = PBXBuildFile; fileRef = 2B5090A92AC2D44C008657C5 /* ResizeWindowUITestsLaunchTests.swift */; };
/* End PBXBuildFile section */

/* Begin PBXContainerItemProxy section */
		2B50909A2AC2D44C008657C5 /* PBXContainerItemProxy */ = {
			isa = PBXContainerItemProxy;
			containerPortal = 2B5090802AC2D44B008657C5 /* Project object */;
			proxyType = 1;
			remoteGlobalIDString = 2B5090872AC2D44B008657C5;
			remoteInfo = ResizeWindow;
		};
		2B5090A42AC2D44C008657C5 /* PBXContainerItemProxy */ = {
			isa = PBXContainerItemProxy;
			containerPortal = 2B5090802AC2D44B008657C5 /* Project object */;
			proxyType = 1;
			remoteGlobalIDString = 2B5090872AC2D44B008657C5;
			remoteInfo = ResizeWindow;
		};
/* End PBXContainerItemProxy section */

/* Begin PBXFileReference section */
		2B5090882AC2D44B008657C5 /* ResizeWindow.app */ = {isa = PBXFileReference; explicitFileType = wrapper.application; includeInIndex = 0; path = ResizeWindow.app; sourceTree = BUILT_PRODUCTS_DIR; };
		2B50908B2AC2D44B008657C5 /* ResizeWindowApp.swift */ = {isa = PBXFileReference; lastKnownFileType = sourcecode.swift; path = ResizeWindowApp.swift; sourceTree = "<group>"; };
		2B50908D2AC2D44B008657C5 /* ContentView.swift */ = {isa = PBXFileReference; lastKnownFileType = sourcecode.swift; path = ContentView.swift; sourceTree = "<group>"; };
		2B50908F2AC2D44C008657C5 /* Assets.xcassets */ = {isa = PBXFileReference; lastKnownFileType = folder.assetcatalog; path = Assets.xcassets; sourceTree = "<group>"; };
		2B5090922AC2D44C008657C5 /* Preview Assets.xcassets */ = {isa = PBXFileReference; lastKnownFileType = folder.assetcatalog; path = "Preview Assets.xcassets"; sourceTree = "<group>"; };
		2B5090942AC2D44C008657C5 /* ResizeWindow.entitlements */ = {isa = PBXFileReference; lastKnownFileType = text.plist.entitlements; path = ResizeWindow.entitlements; sourceTree = "<group>"; };
		2B5090992AC2D44C008657C5 /* ResizeWindowTests.xctest */ = {isa = PBXFileReference; explicitFileType = wrapper.cfbundle; includeInIndex = 0; path = ResizeWindowTests.xctest; sourceTree = BUILT_PRODUCTS_DIR; };
		2B50909D2AC2D44C008657C5 /* ResizeWindowTests.swift */ = {isa = PBXFileReference; lastKnownFileType = sourcecode.swift; path = ResizeWindowTests.swift; sourceTree = "<group>"; };
		2B5090A32AC2D44C008657C5 /* ResizeWindowUITests.xctest */ = {isa = PBXFileReference; explicitFileType = wrapper.cfbundle; includeInIndex = 0; path = ResizeWindowUITests.xctest; sourceTree = BUILT_PRODUCTS_DIR; };
		2B5090A72AC2D44C008657C5 /* ResizeWindowUITests.swift */ = {isa = PBXFileReference; lastKnownFileType = sourcecode.swift; path = ResizeWindowUITests.swift; sourceTree = "<group>"; };
		2B5090A92AC2D44C008657C5 /* ResizeWindowUITestsLaunchTests.swift */ = {isa = PBXFileReference; lastKnownFileType = sourcecode.swift; path = ResizeWindowUITestsLaunchTests.swift; sourceTree = "<group>"; };
/* End PBXFileReference section */

/* Begin PBXFrameworksBuildPhase section */
		2B5090852AC2D44B008657C5 /* Frameworks */ = {
			isa = PBXFrameworksBuildPhase;
			buildActionMask = 2147483647;
			files = (
			);
			runOnlyForDeploymentPostprocessing = 0;
		};
		2B5090962AC2D44C008657C5 /* Frameworks */ = {
			isa = PBXFrameworksBuildPhase;
			buildActionMask = 2147483647;
			files = (
			);
			runOnlyForDeploymentPostprocessing = 0;
		};
		2B5090A02AC2D44C008657C5 /* Frameworks */ = {
			isa = PBXFrameworksBuildPhase;
			buildActionMask = 2147483647;
			files = (
			);
			runOnlyForDeploymentPostprocessing = 0;
		};
/* End PBXFrameworksBuildPhase section */

/* Begin PBXGroup section */
		2B50907F2AC2D44B008657C5 = {
			isa = PBXGroup;
			children = (
				2B50908A2AC2D44B008657C5 /* ResizeWindow */,
				2B50909C2AC2D44C008657C5 /* ResizeWindowTests */,
				2B5090A62AC2D44C008657C5 /* ResizeWindowUITests */,
				2B5090892AC2D44B008657C5 /* Products */,
			);
			sourceTree = "<group>";
		};
		2B5090892AC2D44B008657C5 /* Products */ = {
			isa = PBXGroup;
			children = (
				2B5090882AC2D44B008657C5 /* ResizeWindow.app */,
				2B5090992AC2D44C008657C5 /* ResizeWindowTests.xctest */,
				2B5090A32AC2D44C008657C5 /* ResizeWindowUITests.xctest */,
			);
			name = Products;
			sourceTree = "<group>";
		};
		2B50908A2AC2D44B008657C5 /* ResizeWindow */ = {
			isa = PBXGroup;
			children = (
				2B50908B2AC2D44B008657C5 /* ResizeWindowApp.swift */,
				2B50908D2AC2D44B008657C5 /* ContentView.swift */,
				2B50908F2AC2D44C008657C5 /* Assets.xcassets */,
				2B5090942AC2D44C008657C5 /* ResizeWindow.entitlements */,
				2B5090912AC2D44C008657C5 /* Preview Content */,
			);
			path = ResizeWindow;
			sourceTree = "<group>";
		};
		2B5090912AC2D44C008657C5 /* Preview Content */ = {
			isa = PBXGroup;
			children = (
				2B5090922AC2D44C008657C5 /* Preview Assets.xcassets */,
			);
			path = "Preview Content";
			sourceTree = "<group>";
		};
		2B50909C2AC2D44C008657C5 /* ResizeWindowTests */ = {
			isa = PBXGroup;
			children = (
				2B50909D2AC2D44C008657C5 /* ResizeWindowTests.swift */,
			);
			path = ResizeWindowTests;
			sourceTree = "<group>";
		};
		2B5090A62AC2D44C008657C5 /* ResizeWindowUITests */ = {
			isa = PBXGroup;
			children = (
				2B5090A72AC2D44C008657C5 /* ResizeWindowUITests.swift */,
				2B5090A92AC2D44C008657C5 /* ResizeWindowUITestsLaunchTests.swift */,
			);
			path = ResizeWindowUITests;
			sourceTree = "<group>";
		};
/* End PBXGroup section */

/* Begin PBXNativeTarget section */
		2B5090872AC2D44B008657C5 /* ResizeWindow */ = {
			isa = PBXNativeTarget;
			buildConfigurationList = 2B5090AD2AC2D44C008657C5 /* Build configuration list for PBXNativeTarget "ResizeWindow" */;
			buildPhases = (
				2B5090842AC2D44B008657C5 /* Sources */,
				2B5090852AC2D44B008657C5 /* Frameworks */,
				2B5090862AC2D44B008657C5 /* Resources */,
			);
			buildRules = (
			);
			dependencies = (
			);
			name = ResizeWindow;
			productName = ResizeWindow;
			productReference = 2B5090882AC2D44B008657C5 /* ResizeWindow.app */;
			productType = "com.apple.product-type.application";
		};
		2B5090982AC2D44C008657C5 /* ResizeWindowTests */ = {
			isa = PBXNativeTarget;
			buildConfigurationList = 2B5090B02AC2D44C008657C5 /* Build configuration list for PBXNativeTarget "ResizeWindowTests" */;
			buildPhases = (
				2B5090952AC2D44C008657C5 /* Sources */,
				2B5090962AC2D44C008657C5 /* Frameworks */,
				2B5090972AC2D44C008657C5 /* Resources */,
			);
			buildRules = (
			);
			dependencies = (
				2B50909B2AC2D44C008657C5 /* PBXTargetDependency */,
			);
			name = ResizeWindowTests;
			productName = ResizeWindowTests;
			productReference = 2B5090992AC2D44C008657C5 /* ResizeWindowTests.xctest */;
			productType = "com.apple.product-type.bundle.unit-test";
		};
		2B5090A22AC2D44C008657C5 /* ResizeWindowUITests */ = {
			isa = PBXNativeTarget;
			buildConfigurationList = 2B5090B32AC2D44C008657C5 /* Build configuration list for PBXNativeTarget "ResizeWindowUITests" */;
			buildPhases = (
				2B50909F2AC2D44C008657C5 /* Sources */,
				2B5090A02AC2D44C008657C5 /* Frameworks */,
				2B5090A12AC2D44C008657C5 /* Resources */,
			);
			buildRules = (
			);
			dependencies = (
				2B5090A52AC2D44C008657C5 /* PBXTargetDependency */,
			);
			name = ResizeWindowUITests;
			productName = ResizeWindowUITests;
			productReference = 2B5090A32AC2D44C008657C5 /* ResizeWindowUITests.xctest */;
			productType = "com.apple.product-type.bundle.ui-testing";
		};
/* End PBXNativeTarget section */

/* Begin PBXProject section */
		2B5090802AC2D44B008657C5 /* Project object */ = {
			isa = PBXProject;
			attributes = {
				BuildIndependentTargetsInParallel = 1;
				LastSwiftUpdateCheck = 1430;
				LastUpgradeCheck = 1430;
				TargetAttributes = {
					2B5090872AC2D44B008657C5 = {
						CreatedOnToolsVersion = 14.3.1;
					};
					2B5090982AC2D44C008657C5 = {
						CreatedOnToolsVersion = 14.3.1;
						TestTargetID = 2B5090872AC2D44B008657C5;
					};
					2B5090A22AC2D44C008657C5 = {
						CreatedOnToolsVersion = 14.3.1;
						TestTargetID = 2B5090872AC2D44B008657C5;
					};
				};
			};
			buildConfigurationList = 2B5090832AC2D44B008657C5 /* Build configuration list for PBXProject "ResizeWindow" */;
			compatibilityVersion = "Xcode 14.0";
			developmentRegion = en;
			hasScannedForEncodings = 0;
			knownRegions = (
				en,
				Base,
			);
			mainGroup = 2B50907F2AC2D44B008657C5;
			productRefGroup = 2B5090892AC2D44B008657C5 /* Products */;
			projectDirPath = "";
			projectRoot = "";
			targets = (
				2B5090872AC2D44B008657C5 /* ResizeWindow */,
				2B5090982AC2D44C008657C5 /* ResizeWindowTests */,
				2B5090A22AC2D44C008657C5 /* ResizeWindowUITests */,
			);
		};
/* End PBXProject section */

/* Begin PBXResourcesBuildPhase section */
		2B5090862AC2D44B008657C5 /* Resources */ = {
			isa = PBXResourcesBuildPhase;
			buildActionMask = 2147483647;
			files = (
				2B5090932AC2D44C008657C5 /* Preview Assets.xcassets in Resources */,
				2B5090902AC2D44C008657C5 /* Assets.xcassets in Resources */,
			);
			runOnlyForDeploymentPostprocessing = 0;
		};
		2B5090972AC2D44C008657C5 /* Resources */ = {
			isa = PBXResourcesBuildPhase;
			buildActionMask = 2147483647;
			files = (
			);
			runOnlyForDeploymentPostprocessing = 0;
		};
		2B5090A12AC2D44C008657C5 /* Resources */ = {
			isa = PBXResourcesBuildPhase;
			buildActionMask = 2147483647;
			files = (
			);
			runOnlyForDeploymentPostprocessing = 0;
		};
/* End PBXResourcesBuildPhase section */

/* Begin PBXSourcesBuildPhase section */
		2B5090842AC2D44B008657C5 /* Sources */ = {
			isa = PBXSourcesBuildPhase;
			buildActionMask = 2147483647;
			files = (
				2B50908E2AC2D44B008657C5 /* ContentView.swift in Sources */,
				2B50908C2AC2D44B008657C5 /* ResizeWindowApp.swift in Sources */,
			);
			runOnlyForDeploymentPostprocessing = 0;
		};
		2B5090952AC2D44C008657C5 /* Sources */ = {
			isa = PBXSourcesBuildPhase;
			buildActionMask = 2147483647;
			files = (
				2B50909E2AC2D44C008657C5 /* ResizeWindowTests.swift in Sources */,
			);
			runOnlyForDeploymentPostprocessing = 0;
		};
		2B50909F2AC2D44C008657C5 /* Sources */ = {
			isa = PBXSourcesBuildPhase;
			buildActionMask = 2147483647;
			files = (
				2B5090AA2AC2D44C008657C5 /* ResizeWindowUITestsLaunchTests.swift in Sources */,
				2B5090A82AC2D44C008657C5 /* ResizeWindowUITests.swift in Sources */,
			);
			runOnlyForDeploymentPostprocessing = 0;
		};
/* End PBXSourcesBuildPhase section */

/* Begin PBXTargetDependency section */
		2B50909B2AC2D44C008657C5 /* PBXTargetDependency */ = {
			isa = PBXTargetDependency;
			target = 2B5090872AC2D44B008657C5 /* ResizeWindow */;
			targetProxy = 2B50909A2AC2D44C008657C5 /* PBXContainerItemProxy */;
		};
		2B5090A52AC2D44C008657C5 /* PBXTargetDependency */ = {
			isa = PBXTargetDependency;
			target = 2B5090872AC2D44B008657C5 /* ResizeWindow */;
			targetProxy = 2B5090A42AC2D44C008657C5 /* PBXContainerItemProxy */;
		};
/* End PBXTargetDependency section */

/* Begin XCBuildConfiguration section */
		2B5090AB2AC2D44C008657C5 /* Debug */ = {
			isa = XCBuildConfiguration;
			buildSettings = {
				ALWAYS_SEARCH_USER_PATHS = NO;
				CLANG_ANALYZER_NONNULL = YES;
				CLANG_ANALYZER_NUMBER_OBJECT_CONVERSION = YES_AGGRESSIVE;
				CLANG_CXX_LANGUAGE_STANDARD = "gnu++20";
				CLANG_ENABLE_MODULES = YES;
				CLANG_ENABLE_OBJC_ARC = YES;
				CLANG_ENABLE_OBJC_WEAK = YES;
				CLANG_WARN_BLOCK_CAPTURE_AUTORELEASING = YES;
				CLANG_WARN_BOOL_CONVERSION = YES;
				CLANG_WARN_COMMA = YES;
				CLANG_WARN_CONSTANT_CONVERSION = YES;
				CLANG_WARN_DEPRECATED_OBJC_IMPLEMENTATIONS = YES;
				CLANG_WARN_DIRECT_OBJC_ISA_USAGE = YES_ERROR;
				CLANG_WARN_DOCUMENTATION_COMMENTS = YES;
				CLANG_WARN_EMPTY_BODY = YES;
				CLANG_WARN_ENUM_CONVERSION = YES;
				CLANG_WARN_INFINITE_RECURSION = YES;
				CLANG_WARN_INT_CONVERSION = YES;
				CLANG_WARN_NON_LITERAL_NULL_CONVERSION = YES;
				CLANG_WARN_OBJC_IMPLICIT_RETAIN_SELF = YES;
				CLANG_WARN_OBJC_LITERAL_CONVERSION = YES;
				CLANG_WARN_OBJC_ROOT_CLASS = YES_ERROR;
				CLANG_WARN_QUOTED_INCLUDE_IN_FRAMEWORK_HEADER = YES;
				CLANG_WARN_RANGE_LOOP_ANALYSIS = YES;
				CLANG_WARN_STRICT_PROTOTYPES = YES;
				CLANG_WARN_SUSPICIOUS_MOVE = YES;
				CLANG_WARN_UNGUARDED_AVAILABILITY = YES_AGGRESSIVE;
				CLANG_WARN_UNREACHABLE_CODE = YES;
				CLANG_WARN__DUPLICATE_METHOD_MATCH = YES;
				COPY_PHASE_STRIP = NO;
				DEBUG_INFORMATION_FORMAT = dwarf;
				ENABLE_STRICT_OBJC_MSGSEND = YES;
				ENABLE_TESTABILITY = YES;
				GCC_C_LANGUAGE_STANDARD = gnu11;
				GCC_DYNAMIC_NO_PIC = NO;
				GCC_NO_COMMON_BLOCKS = YES;
				GCC_OPTIMIZATION_LEVEL = 0;
				GCC_PREPROCESSOR_DEFINITIONS = (
					"DEBUG=1",
					"$(inherited)",
				);
				GCC_WARN_64_TO_32_BIT_CONVERSION = YES;
				GCC_WARN_ABOUT_RETURN_TYPE = YES_ERROR;
				GCC_WARN_UNDECLARED_SELECTOR = YES;
				GCC_WARN_UNINITIALIZED_AUTOS = YES_AGGRESSIVE;
				GCC_WARN_UNUSED_FUNCTION = YES;
				GCC_WARN_UNUSED_VARIABLE = YES;
				MACOSX_DEPLOYMENT_TARGET = 13.3;
				MTL_ENABLE_DEBUG_INFO = INCLUDE_SOURCE;
				MTL_FAST_MATH = YES;
				ONLY_ACTIVE_ARCH = YES;
				SDKROOT = macosx;
				SWIFT_ACTIVE_COMPILATION_CONDITIONS = DEBUG;
				SWIFT_OPTIMIZATION_LEVEL = "-Onone";
			};
			name = Debug;
		};
		2B5090AC2AC2D44C008657C5 /* Release */ = {
			isa = XCBuildConfiguration;
			buildSettings = {
				ALWAYS_SEARCH_USER_PATHS = NO;
				CLANG_ANALYZER_NONNULL = YES;
				CLANG_ANALYZER_NUMBER_OBJECT_CONVERSION = YES_AGGRESSIVE;
				CLANG_CXX_LANGUAGE_STANDARD = "gnu++20";
				CLANG_ENABLE_MODULES = YES;
				CLANG_ENABLE_OBJC_ARC = YES;
				CLANG_ENABLE_OBJC_WEAK = YES;
				CLANG_WARN_BLOCK_CAPTURE_AUTORELEASING = YES;
				CLANG_WARN_BOOL_CONVERSION = YES;
				CLANG_WARN_COMMA = YES;
				CLANG_WARN_CONSTANT_CONVERSION = YES;
				CLANG_WARN_DEPRECATED_OBJC_IMPLEMENTATIONS = YES;
				CLANG_WARN_DIRECT_OBJC_ISA_USAGE = YES_ERROR;
				CLANG_WARN_DOCUMENTATION_COMMENTS = YES;
				CLANG_WARN_EMPTY_BODY = YES;
				CLANG_WARN_ENUM_CONVERSION = YES;
				CLANG_WARN_INFINITE_RECURSION = YES;
				CLANG_WARN_INT_CONVERSION = YES;
				CLANG_WARN_NON_LITERAL_NULL_CONVERSION = YES;
				CLANG_WARN_OBJC_IMPLICIT_RETAIN_SELF = YES;
				CLANG_WARN_OBJC_LITERAL_CONVERSION = YES;
				CLANG_WARN_OBJC_ROOT_CLASS = YES_ERROR;
				CLANG_WARN_QUOTED_INCLUDE_IN_FRAMEWORK_HEADER = YES;
				CLANG_WARN_RANGE_LOOP_ANALYSIS = YES;
				CLANG_WARN_STRICT_PROTOTYPES = YES;
				CLANG_WARN_SUSPICIOUS_MOVE = YES;
				CLANG_WARN_UNGUARDED_AVAILABILITY = YES_AGGRESSIVE;
				CLANG_WARN_UNREACHABLE_CODE = YES;
				CLANG_WARN__DUPLICATE_METHOD_MATCH = YES;
				COPY_PHASE_STRIP = NO;
				DEBUG_INFORMATION_FORMAT = "dwarf-with-dsym";
				ENABLE_NS_ASSERTIONS = NO;
				ENABLE_STRICT_OBJC_MSGSEND = YES;
				GCC_C_LANGUAGE_STANDARD = gnu11;
				GCC_NO_COMMON_BLOCKS = YES;
				GCC_WARN_64_TO_32_BIT_CONVERSION = YES;
				GCC_WARN_ABOUT_RETURN_TYPE = YES_ERROR;
				GCC_WARN_UNDECLARED_SELECTOR = YES;
				GCC_WARN_UNINITIALIZED_AUTOS = YES_AGGRESSIVE;
				GCC_WARN_UNUSED_FUNCTION = YES;
				GCC_WARN_UNUSED_VARIABLE = YES;
				MACOSX_DEPLOYMENT_TARGET = 13.3;
				MTL_ENABLE_DEBUG_INFO = NO;
				MTL_FAST_MATH = YES;
				SDKROOT = macosx;
				SWIFT_COMPILATION_MODE = wholemodule;
				SWIFT_OPTIMIZATION_LEVEL = "-O";
			};
			name = Release;
		};
		2B5090AE2AC2D44C008657C5 /* Debug */ = {
			isa = XCBuildConfiguration;
			buildSettings = {
				ASSETCATALOG_COMPILER_APPICON_NAME = AppIcon;
				ASSETCATALOG_COMPILER_GLOBAL_ACCENT_COLOR_NAME = AccentColor;
				CODE_SIGN_ENTITLEMENTS = ResizeWindow/ResizeWindow.entitlements;
				CODE_SIGN_STYLE = Automatic;
				COMBINE_HIDPI_IMAGES = YES;
				CURRENT_PROJECT_VERSION = 1;
				DEVELOPMENT_ASSET_PATHS = "\"ResizeWindow/Preview Content\"";
				DEVELOPMENT_TEAM = RY6HMZWDWB;
				ENABLE_HARDENED_RUNTIME = YES;
				ENABLE_PREVIEWS = YES;
				GENERATE_INFOPLIST_FILE = YES;
				INFOPLIST_KEY_NSHumanReadableCopyright = "";
				LD_RUNPATH_SEARCH_PATHS = (
					"$(inherited)",
					"@executable_path/../Frameworks",
				);
				MARKETING_VERSION = 1.0;
				PRODUCT_BUNDLE_IDENTIFIER = com.heronhq.ResizeWindow;
				PRODUCT_NAME = "$(TARGET_NAME)";
				SWIFT_EMIT_LOC_STRINGS = YES;
				SWIFT_VERSION = 5.0;
			};
			name = Debug;
		};
		2B5090AF2AC2D44C008657C5 /* Release */ = {
			isa = XCBuildConfiguration;
			buildSettings = {
				ASSETCATALOG_COMPILER_APPICON_NAME = AppIcon;
				ASSETCATALOG_COMPILER_GLOBAL_ACCENT_COLOR_NAME = AccentColor;
				CODE_SIGN_ENTITLEMENTS = ResizeWindow/ResizeWindow.entitlements;
				CODE_SIGN_STYLE = Automatic;
				COMBINE_HIDPI_IMAGES = YES;
				CURRENT_PROJECT_VERSION = 1;
				DEVELOPMENT_ASSET_PATHS = "\"ResizeWindow/Preview Content\"";
				DEVELOPMENT_TEAM = RY6HMZWDWB;
				ENABLE_HARDENED_RUNTIME = YES;
				ENABLE_PREVIEWS = YES;
				GENERATE_INFOPLIST_FILE = YES;
				INFOPLIST_KEY_NSHumanReadableCopyright = "";
				LD_RUNPATH_SEARCH_PATHS = (
					"$(inherited)",
					"@executable_path/../Frameworks",
				);
				MARKETING_VERSION = 1.0;
				PRODUCT_BUNDLE_IDENTIFIER = com.heronhq.ResizeWindow;
				PRODUCT_NAME = "$(TARGET_NAME)";
				SWIFT_EMIT_LOC_STRINGS = YES;
				SWIFT_VERSION = 5.0;
			};
			name = Release;
		};
		2B5090B12AC2D44C008657C5 /* Debug */ = {
			isa = XCBuildConfiguration;
			buildSettings = {
				ALWAYS_EMBED_SWIFT_STANDARD_LIBRARIES = YES;
				BUNDLE_LOADER = "$(TEST_HOST)";
				CODE_SIGN_STYLE = Automatic;
				CURRENT_PROJECT_VERSION = 1;
				DEVELOPMENT_TEAM = RY6HMZWDWB;
				GENERATE_INFOPLIST_FILE = YES;
				MACOSX_DEPLOYMENT_TARGET = 13.3;
				MARKETING_VERSION = 1.0;
				PRODUCT_BUNDLE_IDENTIFIER = com.heronhq.ResizeWindowTests;
				PRODUCT_NAME = "$(TARGET_NAME)";
				SWIFT_EMIT_LOC_STRINGS = NO;
				SWIFT_VERSION = 5.0;
				TEST_HOST = "$(BUILT_PRODUCTS_DIR)/ResizeWindow.app/$(BUNDLE_EXECUTABLE_FOLDER_PATH)/ResizeWindow";
			};
			name = Debug;
		};
		2B5090B22AC2D44C008657C5 /* Release */ = {
			isa = XCBuildConfiguration;
			buildSettings = {
				ALWAYS_EMBED_SWIFT_STANDARD_LIBRARIES = YES;
				BUNDLE_LOADER = "$(TEST_HOST)";
				CODE_SIGN_STYLE = Automatic;
				CURRENT_PROJECT_VERSION = 1;
				DEVELOPMENT_TEAM = RY6HMZWDWB;
				GENERATE_INFOPLIST_FILE = YES;
				MACOSX_DEPLOYMENT_TARGET = 13.3;
				MARKETING_VERSION = 1.0;
				PRODUCT_BUNDLE_IDENTIFIER = com.heronhq.ResizeWindowTests;
				PRODUCT_NAME = "$(TARGET_NAME)";
				SWIFT_EMIT_LOC_STRINGS = NO;
				SWIFT_VERSION = 5.0;
				TEST_HOST = "$(BUILT_PRODUCTS_DIR)/ResizeWindow.app/$(BUNDLE_EXECUTABLE_FOLDER_PATH)/ResizeWindow";
			};
			name = Release;
		};
		2B5090B42AC2D44C008657C5 /* Debug */ = {
			isa = XCBuildConfiguration;
			buildSettings = {
				ALWAYS_EMBED_SWIFT_STANDARD_LIBRARIES = YES;
				CODE_SIGN_STYLE = Automatic;
				CURRENT_PROJECT_VERSION = 1;
				DEVELOPMENT_TEAM = RY6HMZWDWB;
				GENERATE_INFOPLIST_FILE = YES;
				MARKETING_VERSION = 1.0;
				PRODUCT_BUNDLE_IDENTIFIER = com.heronhq.ResizeWindowUITests;
				PRODUCT_NAME = "$(TARGET_NAME)";
				SWIFT_EMIT_LOC_STRINGS = NO;
				SWIFT_VERSION = 5.0;
				TEST_TARGET_NAME = ResizeWindow;
			};
			name = Debug;
		};
		2B5090B52AC2D44C008657C5 /* Release */ = {
			isa = XCBuildConfiguration;
			buildSettings = {
				ALWAYS_EMBED_SWIFT_STANDARD_LIBRARIES = YES;
				CODE_SIGN_STYLE = Automatic;
				CURRENT_PROJECT_VERSION = 1;
				DEVELOPMENT_TEAM = RY6HMZWDWB;
				GENERATE_INFOPLIST_FILE = YES;
				MARKETING_VERSION = 1.0;
				PRODUCT_BUNDLE_IDENTIFIER = com.heronhq.ResizeWindowUITests;
				PRODUCT_NAME = "$(TARGET_NAME)";
				SWIFT_EMIT_LOC_STRINGS = NO;
				SWIFT_VERSION = 5.0;
				TEST_TARGET_NAME = ResizeWindow;
			};
			name = Release;
		};
/* End XCBuildConfiguration section */

/* Begin XCConfigurationList section */
		2B5090832AC2D44B008657C5 /* Build configuration list for PBXProject "ResizeWindow" */ = {
			isa = XCConfigurationList;
			buildConfigurations = (
				2B5090AB2AC2D44C008657C5 /* Debug */,
				2B5090AC2AC2D44C008657C5 /* Release */,
			);
			defaultConfigurationIsVisible = 0;
			defaultConfigurationName = Release;
		};
		2B5090AD2AC2D44C008657C5 /* Build configuration list for PBXNativeTarget "ResizeWindow" */ = {
			isa = XCConfigurationList;
			buildConfigurations = (
				2B5090AE2AC2D44C008657C5 /* Debug */,
				2B5090AF2AC2D44C008657C5 /* Release */,
			);
			defaultConfigurationIsVisible = 0;
			defaultConfigurationName = Release;
		};
		2B5090B02AC2D44C008657C5 /* Build configuration list for PBXNativeTarget "ResizeWindowTests" */ = {
			isa = XCConfigurationList;
			buildConfigurations = (
				2B5090B12AC2D44C008657C5 /* Debug */,
				2B5090B22AC2D44C008657C5 /* Release */,
			);
			defaultConfigurationIsVisible = 0;
			defaultConfigurationName = Release;
		};
		2B5090B32AC2D44C008657C5 /* Build configuration list for PBXNativeTarget "ResizeWindowUITests" */ = {
			isa = XCConfigurationList;
			buildConfigurations = (
				2B5090B42AC2D44C008657C5 /* Debug */,
				2B5090B52AC2D44C008657C5 /* Release */,
			);
			defaultConfigurationIsVisible = 0;
			defaultConfigurationName = Release;
		};
/* End XCConfigurationList section */
	};
	rootObject = 2B5090802AC2D44B008657C5 /* Project object */;
}
